
Microsoft Visual Studio Solution File, Format Version 12.00
# Blend for Visual Studio 15
VisualStudioVersion = 15.0.27703.2047
MinimumVisualStudioVersion = 10.0.40219.1
Project("{FAE04EC0-301F-11D3-BF4B-00C04F79EFBC}") = "TizenWearableXamlApp1", "TizenWearableXamlApp1\TizenWearableXamlApp1.csproj", "{C388339C-3D17-4F9C-AA14-9E0394AE5F43}"
EndProject
Global
	GlobalSection(SolutionConfigurationPlatforms) = preSolution
		Debug|Any CPU = Debug|Any CPU
		Release|Any CPU = Release|Any CPU
	EndGlobalSection
	GlobalSection(ProjectConfigurationPlatforms) = postSolution
		{C388339C-3D17-4F9C-AA14-9E0394AE5F43}.Debug|Any CPU.ActiveCfg = Debug|Any CPU
		{C388339C-3D17-4F9C-AA14-9E0394AE5F43}.Debug|Any CPU.Build.0 = Debug|Any CPU
		{C388339C-3D17-4F9C-AA14-9E0394AE5F43}.Release|Any CPU.ActiveCfg = Release|Any CPU
		{C388339C-3D17-4F9C-AA14-9E0394AE5F43}.Release|Any CPU.Build.0 = Release|Any CPU
	EndGlobalSection
	GlobalSection(SolutionProperties) = preSolution
		HideSolutionNode = FALSE
	EndGlobalSection
	GlobalSection(ExtensibilityGlobals) = postSolution
		SolutionGuid = {7E7B9C76-F55F-4286-8D40-608449C6CB1F}
	EndGlobalSection
EndGlobal
